PODS:
  - Sourcery (0.15.0)
  - SwiftLint (0.27.0)

DEPENDENCIES:
  - Sourcery
  - SwiftLint

SPEC REPOS:
  https://github.com/cocoapods/specs.git:
    - Sourcery
    - SwiftLint

SPEC CHECKSUMS:
  Sourcery: 5895672cae353cdbfa95f3f4aaeb75a664d76f6a
  SwiftLint: 3207c1faa2240bf8973b191820a116113cd11073

PODFILE CHECKSUM: 7ab6d3729886916350f71d4966f5ae35a6b61b1d

COCOAPODS: 1.5.3
